
Microsoft Visual Studio Solution File, Format Version 12.00
# Visual Studio Version 17
VisualStudioVersion = 17.9.34622.214
MinimumVisualStudioVersion = 10.0.40219.1
Project("{FAE04EC0-301F-11D3-BF4B-00C04F79EFBC}") = "P6Assets2024_JosueV", "P6Assets2024_JosueV\P6Assets2024_JosueV.csproj", "{17A6763E-6BDE-4B29-BD99-F6B91F1A2D19}"
EndProject
Global
	GlobalSection(SolutionConfigurationPlatforms) = preSolution
		Debug|Any CPU = Debug|Any CPU
		Release|Any CPU = Release|Any CPU
	EndGlobalSection
	GlobalSection(ProjectConfigurationPlatforms) = postSolution
		{17A6763E-6BDE-4B29-BD99-F6B91F1A2D19}.Debug|Any CPU.ActiveCfg = Debug|Any CPU
		{17A6763E-6BDE-4B29-BD99-F6B91F1A2D19}.Debug|Any CPU.Build.0 = Debug|Any CPU
		{17A6763E-6BDE-4B29-BD99-F6B91F1A2D19}.Debug|Any CPU.Deploy.0 = Debug|Any CPU
		{17A6763E-6BDE-4B29-BD99-F6B91F1A2D19}.Release|Any CPU.ActiveCfg = Release|Any CPU
		{17A6763E-6BDE-4B29-BD99-F6B91F1A2D19}.Release|Any CPU.Build.0 = Release|Any CPU
		{17A6763E-6BDE-4B29-BD99-F6B91F1A2D19}.Release|Any CPU.Deploy.0 = Release|Any CPU
	EndGlobalSection
	GlobalSection(SolutionProperties) = preSolution
		HideSolutionNode = FALSE
	EndGlobalSection
	GlobalSection(ExtensibilityGlobals) = postSolution
		SolutionGuid = {9E6821F8-331B-4A3C-BFA8-F93E89DD2E3C}
	EndGlobalSection
EndGlobal
